// !$*UTF8*$!
{
	archiveVersion = 1;
	classes = {
	};
	objectVersion = 50;
	objects = {

/* Begin PBXBuildFile section */
		2BA86CEE260202B000E66827 /* AdvancedSwiftUIApp.swift in Sources */ = {isa = PBXBuildFile; fileRef = 2BA86CED260202B000E66827 /* AdvancedSwiftUIApp.swift */; };
		2BA86CF0260202B000E66827 /* ContentView.swift in Sources */ = {isa = PBXBuildFile; fileRef = 2BA86CEF260202B000E66827 /* ContentView.swift */; };
		2BA86CF2260202B100E66827 /* Assets.xcassets in Resources */ = {isa = PBXBuildFile; fileRef = 2BA86CF1260202B100E66827 /* Assets.xcassets */; };
		2BA86CF5260202B100E66827 /* Preview Assets.xcassets in Resources */ = {isa = PBXBuildFile; fileRef = 2BA86CF4260202B100E66827 /* Preview Assets.xcassets */; };
		2BA86D2C260218EE00E66827 /* CustomButtonStyle.swift in Sources */ = {isa = PBXBuildFile; fileRef = 2BA86D2B260218EE00E66827 /* CustomButtonStyle.swift */; };
		2BA86D3026021BC800E66827 /* BlurView.swift in Sources */ = {isa = PBXBuildFile; fileRef = 2BA86D2F26021BC800E66827 /* BlurView.swift */; };
		2BA86D3526021D0F00E66827 /* MapView.swift in Sources */ = {isa = PBXBuildFile; fileRef = 2BA86D3426021D0F00E66827 /* MapView.swift */; };
		2BA86D3826021DCA00E66827 /* InterfacingView.swift in Sources */ = {isa = PBXBuildFile; fileRef = 2BA86D3726021DCA00E66827 /* InterfacingView.swift */; };
		2BA86D3C2602211C00E66827 /* AnimatedBackground.swift in Sources */ = {isa = PBXBuildFile; fileRef = 2BA86D3B2602211C00E66827 /* AnimatedBackground.swift */; };
		2BA86D3F260226B100E66827 /* GridVerticalView.swift in Sources */ = {isa = PBXBuildFile; fileRef = 2BA86D3E260226B100E66827 /* GridVerticalView.swift */; };
		2BA86D4326022E3300E66827 /* GridHorizontalView.swift in Sources */ = {isa = PBXBuildFile; fileRef = 2BA86D4226022E3300E66827 /* GridHorizontalView.swift */; };
/* End PBXBuildFile section */

/* Begin PBXFileReference section */
		2BA86CEA260202B000E66827 /* AdvancedSwiftUI.app */ = {isa = PBXFileReference; explicitFileType = wrapper.application; includeInIndex = 0; path = AdvancedSwiftUI.app; sourceTree = BUILT_PRODUCTS_DIR; };
		2BA86CED260202B000E66827 /* AdvancedSwiftUIApp.swift */ = {isa = PBXFileReference; lastKnownFileType = sourcecode.swift; path = AdvancedSwiftUIApp.swift; sourceTree = "<group>"; };
		2BA86CEF260202B000E66827 /* ContentView.swift */ = {isa = PBXFileReference; lastKnownFileType = sourcecode.swift; path = ContentView.swift; sourceTree = "<group>"; };
		2BA86CF1260202B100E66827 /* Assets.xcassets */ = {isa = PBXFileReference; lastKnownFileType = folder.assetcatalog; path = Assets.xcassets; sourceTree = "<group>"; };
		2BA86CF4260202B100E66827 /* Preview Assets.xcassets */ = {isa = PBXFileReference; lastKnownFileType = folder.assetcatalog; path = "Preview Assets.xcassets"; sourceTree = "<group>"; };
		2BA86CF6260202B100E66827 /* Info.plist */ = {isa = PBXFileReference; lastKnownFileType = text.plist.xml; path = Info.plist; sourceTree = "<group>"; };
		2BA86D2B260218EE00E66827 /* CustomButtonStyle.swift */ = {isa = PBXFileReference; lastKnownFileType = sourcecode.swift; path = CustomButtonStyle.swift; sourceTree = "<group>"; };
		2BA86D2F26021BC800E66827 /* BlurView.swift */ = {isa = PBXFileReference; lastKnownFileType = sourcecode.swift; path = BlurView.swift; sourceTree = "<group>"; };
		2BA86D3426021D0F00E66827 /* MapView.swift */ = {isa = PBXFileReference; lastKnownFileType = sourcecode.swift; path = MapView.swift; sourceTree = "<group>"; };
		2BA86D3726021DCA00E66827 /* InterfacingView.swift */ = {isa = PBXFileReference; lastKnownFileType = sourcecode.swift; path = InterfacingView.swift; sourceTree = "<group>"; };
		2BA86D3B2602211C00E66827 /* AnimatedBackground.swift */ = {isa = PBXFileReference; lastKnownFileType = sourcecode.swift; path = AnimatedBackground.swift; sourceTree = "<group>"; };
		2BA86D3E260226B100E66827 /* GridVerticalView.swift */ = {isa = PBXFileReference; lastKnownFileType = sourcecode.swift; path = GridVerticalView.swift; sourceTree = "<group>"; };
		2BA86D4226022E3300E66827 /* GridHorizontalView.swift */ = {isa = PBXFileReference; lastKnownFileType = sourcecode.swift; path = GridHorizontalView.swift; sourceTree = "<group>"; };
/* End PBXFileReference section */

/* Begin PBXFrameworksBuildPhase section */
		2BA86CE7260202B000E66827 /* Frameworks */ = {
			isa = PBXFrameworksBuildPhase;
			buildActionMask = 2147483647;
			files = (
			);
			runOnlyForDeploymentPostprocessing = 0;
		};
/* End PBXFrameworksBuildPhase section */

/* Begin PBXGroup section */
		2BA86CE1260202B000E66827 = {
			isa = PBXGroup;
			children = (
				2BA86CEC260202B000E66827 /* AdvancedSwiftUI */,
				2BA86CEB260202B000E66827 /* Products */,
			);
			sourceTree = "<group>";
		};
		2BA86CEB260202B000E66827 /* Products */ = {
			isa = PBXGroup;
			children = (
				2BA86CEA260202B000E66827 /* AdvancedSwiftUI.app */,
			);
			name = Products;
			sourceTree = "<group>";
		};
		2BA86CEC260202B000E66827 /* AdvancedSwiftUI */ = {
			isa = PBXGroup;
			children = (
				2BA86CED260202B000E66827 /* AdvancedSwiftUIApp.swift */,
				2BA86D3226021BE400E66827 /* Interfacing UIKit */,
				2BA86CEF260202B000E66827 /* ContentView.swift */,
				2BA86CF1260202B100E66827 /* Assets.xcassets */,
				2BA86CF6260202B100E66827 /* Info.plist */,
				2BA86CF3260202B100E66827 /* Preview Content */,
				2BA86D2B260218EE00E66827 /* CustomButtonStyle.swift */,
				2BA86D3726021DCA00E66827 /* InterfacingView.swift */,
				2BA86D4126022E1D00E66827 /* Grids */,
				2BA86D3B2602211C00E66827 /* AnimatedBackground.swift */,
			);
			path = AdvancedSwiftUI;
			sourceTree = "<group>";
		};
		2BA86CF3260202B100E66827 /* Preview Content */ = {
			isa = PBXGroup;
			children = (
				2BA86CF4260202B100E66827 /* Preview Assets.xcassets */,
			);
			path = "Preview Content";
			sourceTree = "<group>";
		};
		2BA86D3226021BE400E66827 /* Interfacing UIKit */ = {
			isa = PBXGroup;
			children = (
				2BA86D2F26021BC800E66827 /* BlurView.swift */,
				2BA86D3426021D0F00E66827 /* MapView.swift */,
			);
			path = "Interfacing UIKit";
			sourceTree = "<group>";
		};
		2BA86D4126022E1D00E66827 /* Grids */ = {
			isa = PBXGroup;
			children = (
				2BA86D3E260226B100E66827 /* GridVerticalView.swift */,
				2BA86D4226022E3300E66827 /* GridHorizontalView.swift */,
			);
			path = Grids;
			sourceTree = "<group>";
		};
/* End PBXGroup section */

/* Begin PBXNativeTarget section */
		2BA86CE9260202B000E66827 /* AdvancedSwiftUI */ = {
			isa = PBXNativeTarget;
			buildConfigurationList = 2BA86CF9260202B100E66827 /* Build configuration list for PBXNativeTarget "AdvancedSwiftUI" */;
			buildPhases = (
				2BA86CE6260202B000E66827 /* Sources */,
				2BA86CE7260202B000E66827 /* Frameworks */,
				2BA86CE8260202B000E66827 /* Resources */,
			);
			buildRules = (
			);
			dependencies = (
			);
			name = AdvancedSwiftUI;
			productName = AdvancedSwiftUI;
			productReference = 2BA86CEA260202B000E66827 /* AdvancedSwiftUI.app */;
			productType = "com.apple.product-type.application";
		};
/* End PBXNativeTarget section */

/* Begin PBXProject section */
		2BA86CE2260202B000E66827 /* Project object */ = {
			isa = PBXProject;
			attributes = {
				LastSwiftUpdateCheck = 1240;
				LastUpgradeCheck = 1240;
				TargetAttributes = {
					2BA86CE9260202B000E66827 = {
						CreatedOnToolsVersion = 12.4;
					};
				};
			};
			buildConfigurationList = 2BA86CE5260202B000E66827 /* Build configuration list for PBXProject "AdvancedSwiftUI" */;
			compatibilityVersion = "Xcode 9.3";
			developmentRegion = en;
			hasScannedForEncodings = 0;
			knownRegions = (
				en,
				Base,
			);
			mainGroup = 2BA86CE1260202B000E66827;
			productRefGroup = 2BA86CEB260202B000E66827 /* Products */;
			projectDirPath = "";
			projectRoot = "";
			targets = (
				2BA86CE9260202B000E66827 /* AdvancedSwiftUI */,
			);
		};
/* End PBXProject section */

/* Begin PBXResourcesBuildPhase section */
		2BA86CE8260202B000E66827 /* Resources */ = {
			isa = PBXResourcesBuildPhase;
			buildActionMask = 2147483647;
			files = (
				2BA86CF5260202B100E66827 /* Preview Assets.xcassets in Resources */,
				2BA86CF2260202B100E66827 /* Assets.xcassets in Resources */,
			);
			runOnlyForDeploymentPostprocessing = 0;
		};
/* End PBXResourcesBuildPhase section */

/* Begin PBXSourcesBuildPhase section */
		2BA86CE6260202B000E66827 /* Sources */ = {
			isa = PBXSourcesBuildPhase;
			buildActionMask = 2147483647;
			files = (
				2BA86CF0260202B000E66827 /* ContentView.swift in Sources */,
				2BA86D3C2602211C00E66827 /* AnimatedBackground.swift in Sources */,
				2BA86D3F260226B100E66827 /* GridVerticalView.swift in Sources */,
				2BA86D3026021BC800E66827 /* BlurView.swift in Sources */,
				2BA86D3526021D0F00E66827 /* MapView.swift in Sources */,
				2BA86CEE260202B000E66827 /* AdvancedSwiftUIApp.swift in Sources */,
				2BA86D2C260218EE00E66827 /* CustomButtonStyle.swift in Sources */,
				2BA86D4326022E3300E66827 /* GridHorizontalView.swift in Sources */,
				2BA86D3826021DCA00E66827 /* InterfacingView.swift in Sources */,
			);
			runOnlyForDeploymentPostprocessing = 0;
		};
/* End PBXSourcesBuildPhase section */

/* Begin XCBuildConfiguration section */
		2BA86CF7260202B100E66827 /* Debug */ = {
			isa = XCBuildConfiguration;
			buildSettings = {
				ALWAYS_SEARCH_USER_PATHS = NO;
				CLANG_ANALYZER_NONNULL = YES;
				CLANG_ANALYZER_NUMBER_OBJECT_CONVERSION = YES_AGGRESSIVE;
				CLANG_CXX_LANGUAGE_STANDARD = "gnu++14";
				CLANG_CXX_LIBRARY = "libc++";
				CLANG_ENABLE_MODULES = YES;
				CLANG_ENABLE_OBJC_ARC = YES;
				CLANG_ENABLE_OBJC_WEAK = YES;
				CLANG_WARN_BLOCK_CAPTURE_AUTORELEASING = YES;
				CLANG_WARN_BOOL_CONVERSION = YES;
				CLANG_WARN_COMMA = YES;
				CLANG_WARN_CONSTANT_CONVERSION = YES;
				CLANG_WARN_DEPRECATED_OBJC_IMPLEMENTATIONS = YES;
				CLANG_WARN_DIRECT_OBJC_ISA_USAGE = YES_ERROR;
				CLANG_WARN_DOCUMENTATION_COMMENTS = YES;
				CLANG_WARN_EMPTY_BODY = YES;
				CLANG_WARN_ENUM_CONVERSION = YES;
				CLANG_WARN_INFINITE_RECURSION = YES;
				CLANG_WARN_INT_CONVERSION = YES;
				CLANG_WARN_NON_LITERAL_NULL_CONVERSION = YES;
				CLANG_WARN_OBJC_IMPLICIT_RETAIN_SELF = YES;
				CLANG_WARN_OBJC_LITERAL_CONVERSION = YES;
				CLANG_WARN_OBJC_ROOT_CLASS = YES_ERROR;
				CLANG_WARN_QUOTED_INCLUDE_IN_FRAMEWORK_HEADER = YES;
				CLANG_WARN_RANGE_LOOP_ANALYSIS = YES;
				CLANG_WARN_STRICT_PROTOTYPES = YES;
				CLANG_WARN_SUSPICIOUS_MOVE = YES;
				CLANG_WARN_UNGUARDED_AVAILABILITY = YES_AGGRESSIVE;
				CLANG_WARN_UNREACHABLE_CODE = YES;
				CLANG_WARN__DUPLICATE_METHOD_MATCH = YES;
				COPY_PHASE_STRIP = NO;
				DEBUG_INFORMATION_FORMAT = dwarf;
				ENABLE_STRICT_OBJC_MSGSEND = YES;
				ENABLE_TESTABILITY = YES;
				GCC_C_LANGUAGE_STANDARD = gnu11;
				GCC_DYNAMIC_NO_PIC = NO;
				GCC_NO_COMMON_BLOCKS = YES;
				GCC_OPTIMIZATION_LEVEL = 0;
				GCC_PREPROCESSOR_DEFINITIONS = (
					"DEBUG=1",
					"$(inherited)",
				);
				GCC_WARN_64_TO_32_BIT_CONVERSION = YES;
				GCC_WARN_ABOUT_RETURN_TYPE = YES_ERROR;
				GCC_WARN_UNDECLARED_SELECTOR = YES;
				GCC_WARN_UNINITIALIZED_AUTOS = YES_AGGRESSIVE;
				GCC_WARN_UNUSED_FUNCTION = YES;
				GCC_WARN_UNUSED_VARIABLE = YES;
				IPHONEOS_DEPLOYMENT_TARGET = 14.4;
				MTL_ENABLE_DEBUG_INFO = INCLUDE_SOURCE;
				MTL_FAST_MATH = YES;
				ONLY_ACTIVE_ARCH = YES;
				SDKROOT = iphoneos;
				SWIFT_ACTIVE_COMPILATION_CONDITIONS = DEBUG;
				SWIFT_OPTIMIZATION_LEVEL = "-Onone";
			};
			name = Debug;
		};
		2BA86CF8260202B100E66827 /* Release */ = {
			isa = XCBuildConfiguration;
			buildSettings = {
				ALWAYS_SEARCH_USER_PATHS = NO;
				CLANG_ANALYZER_NONNULL = YES;
				CLANG_ANALYZER_NUMBER_OBJECT_CONVERSION = YES_AGGRESSIVE;
				CLANG_CXX_LANGUAGE_STANDARD = "gnu++14";
				CLANG_CXX_LIBRARY = "libc++";
				CLANG_ENABLE_MODULES = YES;
				CLANG_ENABLE_OBJC_ARC = YES;
				CLANG_ENABLE_OBJC_WEAK = YES;
				CLANG_WARN_BLOCK_CAPTURE_AUTORELEASING = YES;
				CLANG_WARN_BOOL_CONVERSION = YES;
				CLANG_WARN_COMMA = YES;
				CLANG_WARN_CONSTANT_CONVERSION = YES;
				CLANG_WARN_DEPRECATED_OBJC_IMPLEMENTATIONS = YES;
				CLANG_WARN_DIRECT_OBJC_ISA_USAGE = YES_ERROR;
				CLANG_WARN_DOCUMENTATION_COMMENTS = YES;
				CLANG_WARN_EMPTY_BODY = YES;
				CLANG_WARN_ENUM_CONVERSION = YES;
				CLANG_WARN_INFINITE_RECURSION = YES;
				CLANG_WARN_INT_CONVERSION = YES;
				CLANG_WARN_NON_LITERAL_NULL_CONVERSION = YES;
				CLANG_WARN_OBJC_IMPLICIT_RETAIN_SELF = YES;
				CLANG_WARN_OBJC_LITERAL_CONVERSION = YES;
				CLANG_WARN_OBJC_ROOT_CLASS = YES_ERROR;
				CLANG_WARN_QUOTED_INCLUDE_IN_FRAMEWORK_HEADER = YES;
				CLANG_WARN_RANGE_LOOP_ANALYSIS = YES;
				CLANG_WARN_STRICT_PROTOTYPES = YES;
				CLANG_WARN_SUSPICIOUS_MOVE = YES;
				CLANG_WARN_UNGUARDED_AVAILABILITY = YES_AGGRESSIVE;
				CLANG_WARN_UNREACHABLE_CODE = YES;
				CLANG_WARN__DUPLICATE_METHOD_MATCH = YES;
				COPY_PHASE_STRIP = NO;
				DEBUG_INFORMATION_FORMAT = "dwarf-with-dsym";
				ENABLE_NS_ASSERTIONS = NO;
				ENABLE_STRICT_OBJC_MSGSEND = YES;
				GCC_C_LANGUAGE_STANDARD = gnu11;
				GCC_NO_COMMON_BLOCKS = YES;
				GCC_WARN_64_TO_32_BIT_CONVERSION = YES;
				GCC_WARN_ABOUT_RETURN_TYPE = YES_ERROR;
				GCC_WARN_UNDECLARED_SELECTOR = YES;
				GCC_WARN_UNINITIALIZED_AUTOS = YES_AGGRESSIVE;
				GCC_WARN_UNUSED_FUNCTION = YES;
				GCC_WARN_UNUSED_VARIABLE = YES;
				IPHONEOS_DEPLOYMENT_TARGET = 14.4;
				MTL_ENABLE_DEBUG_INFO = NO;
				MTL_FAST_MATH = YES;
				SDKROOT = iphoneos;
				SWIFT_COMPILATION_MODE = wholemodule;
				SWIFT_OPTIMIZATION_LEVEL = "-O";
				VALIDATE_PRODUCT = YES;
			};
			name = Release;
		};
		2BA86CFA260202B100E66827 /* Debug */ = {
			isa = XCBuildConfiguration;
			buildSettings = {
				ASSETCATALOG_COMPILER_APPICON_NAME = AppIcon;
				ASSETCATALOG_COMPILER_GLOBAL_ACCENT_COLOR_NAME = AccentColor;
				CODE_SIGN_STYLE = Automatic;
				DEVELOPMENT_ASSET_PATHS = "\"AdvancedSwiftUI/Preview Content\"";
				DEVELOPMENT_TEAM = 85Y7A7HSKG;
				ENABLE_PREVIEWS = YES;
				INFOPLIST_FILE = AdvancedSwiftUI/Info.plist;
				IPHONEOS_DEPLOYMENT_TARGET = 14.0;
				LD_RUNPATH_SEARCH_PATHS = (
					"$(inherited)",
					"@executable_path/Frameworks",
				);
				PRODUCT_BUNDLE_IDENTIFIER = com.saschasalles.AdvancedSwiftUI;
				PRODUCT_NAME = "$(TARGET_NAME)";
				SWIFT_VERSION = 5.0;
				TARGETED_DEVICE_FAMILY = "1,2";
			};
			name = Debug;
		};
		2BA86CFB260202B100E66827 /* Release */ = {
			isa = XCBuildConfiguration;
			buildSettings = {
				ASSETCATALOG_COMPILER_APPICON_NAME = AppIcon;
				ASSETCATALOG_COMPILER_GLOBAL_ACCENT_COLOR_NAME = AccentColor;
				CODE_SIGN_STYLE = Automatic;
				DEVELOPMENT_ASSET_PATHS = "\"AdvancedSwiftUI/Preview Content\"";
				DEVELOPMENT_TEAM = 85Y7A7HSKG;
				ENABLE_PREVIEWS = YES;
				INFOPLIST_FILE = AdvancedSwiftUI/Info.plist;
				IPHONEOS_DEPLOYMENT_TARGET = 14.0;
				LD_RUNPATH_SEARCH_PATHS = (
					"$(inherited)",
					"@executable_path/Frameworks",
				);
				PRODUCT_BUNDLE_IDENTIFIER = com.saschasalles.AdvancedSwiftUI;
				PRODUCT_NAME = "$(TARGET_NAME)";
				SWIFT_VERSION = 5.0;
				TARGETED_DEVICE_FAMILY = "1,2";
			};
			name = Release;
		};
/* End XCBuildConfiguration section */

/* Begin XCConfigurationList section */
		2BA86CE5260202B000E66827 /* Build configuration list for PBXProject "AdvancedSwiftUI" */ = {
			isa = XCConfigurationList;
			buildConfigurations = (
				2BA86CF7260202B100E66827 /* Debug */,
				2BA86CF8260202B100E66827 /* Release */,
			);
			defaultConfigurationIsVisible = 0;
			defaultConfigurationName = Release;
		};
		2BA86CF9260202B100E66827 /* Build configuration list for PBXNativeTarget "AdvancedSwiftUI" */ = {
			isa = XCConfigurationList;
			buildConfigurations = (
				2BA86CFA260202B100E66827 /* Debug */,
				2BA86CFB260202B100E66827 /* Release */,
			);
			defaultConfigurationIsVisible = 0;
			defaultConfigurationName = Release;
		};
/* End XCConfigurationList section */
	};
	rootObject = 2BA86CE2260202B000E66827 /* Project object */;
}
